
Microsoft Visual Studio Solution File, Format Version 12.00
# Visual Studio Version 17
VisualStudioVersion = 17.14.36511.14 d17.14
MinimumVisualStudioVersion = 10.0.40219.1
Project("{FAE04EC0-301F-11D3-BF4B-00C04F79EFBC}") = "app", "app\app.csproj", "{9442FCD1-CBB3-4636-A2DF-0B0F6B73DFBA}"
EndProject
Global
	GlobalSection(SolutionConfigurationPlatforms) = preSolution
		Debug|Any CPU = Debug|Any CPU
		Release|Any CPU = Release|Any CPU
	EndGlobalSection
	GlobalSection(ProjectConfigurationPlatforms) = postSolution
		{9442FCD1-CBB3-4636-A2DF-0B0F6B73DFBA}.Debug|Any CPU.ActiveCfg = Debug|Any CPU
		{9442FCD1-CBB3-4636-A2DF-0B0F6B73DFBA}.Debug|Any CPU.Build.0 = Debug|Any CPU
		{9442FCD1-CBB3-4636-A2DF-0B0F6B73DFBA}.Release|Any CPU.ActiveCfg = Release|Any CPU
		{9442FCD1-CBB3-4636-A2DF-0B0F6B73DFBA}.Release|Any CPU.Build.0 = Release|Any CPU
	EndGlobalSection
	GlobalSection(SolutionProperties) = preSolution
		HideSolutionNode = FALSE
	EndGlobalSection
	GlobalSection(ExtensibilityGlobals) = postSolution
		SolutionGuid = {B742EBF9-60DC-45AE-A32C-7F7562252B99}
	EndGlobalSection
EndGlobal
